
Microsoft Visual Studio Solution File, Format Version 12.00
# Visual Studio Version 16
VisualStudioVersion = 16.0.29123.88
MinimumVisualStudioVersion = 10.0.40219.1
Project("{FAE04EC0-301F-11D3-BF4B-00C04F79EFBC}") = "IMsafe", "IMsafe\IMsafe.csproj", "{FBE35CC3-6E70-4D9C-B875-45DEACEFF96E}"
EndProject
Project("{FAE04EC0-301F-11D3-BF4B-00C04F79EFBC}") = "IMsafe.Tests", "IMsafe.Tests\IMsafe.Tests.csproj", "{307D439B-5CF9-4BB4-BDF9-04FEEA55B369}"
EndProject
Global
	GlobalSection(SolutionConfigurationPlatforms) = preSolution
		Debug|Any CPU = Debug|Any CPU
		Release|Any CPU = Release|Any CPU
	EndGlobalSection
	GlobalSection(ProjectConfigurationPlatforms) = postSolution
		{FBE35CC3-6E70-4D9C-B875-45DEACEFF96E}.Debug|Any CPU.ActiveCfg = Debug|Any CPU
		{FBE35CC3-6E70-4D9C-B875-45DEACEFF96E}.Debug|Any CPU.Build.0 = Debug|Any CPU
		{FBE35CC3-6E70-4D9C-B875-45DEACEFF96E}.Release|Any CPU.ActiveCfg = Release|Any CPU
		{FBE35CC3-6E70-4D9C-B875-45DEACEFF96E}.Release|Any CPU.Build.0 = Release|Any CPU
		{307D439B-5CF9-4BB4-BDF9-04FEEA55B369}.Debug|Any CPU.ActiveCfg = Debug|Any CPU
		{307D439B-5CF9-4BB4-BDF9-04FEEA55B369}.Debug|Any CPU.Build.0 = Debug|Any CPU
		{307D439B-5CF9-4BB4-BDF9-04FEEA55B369}.Release|Any CPU.ActiveCfg = Release|Any CPU
		{307D439B-5CF9-4BB4-BDF9-04FEEA55B369}.Release|Any CPU.Build.0 = Release|Any CPU
	EndGlobalSection
	GlobalSection(SolutionProperties) = preSolution
		HideSolutionNode = FALSE
	EndGlobalSection
	GlobalSection(ExtensibilityGlobals) = postSolution
		SolutionGuid = {9DCB87BC-7C3D-484E-B748-6EDF2AEFBF95}
	EndGlobalSection
EndGlobal
